{
  "requires": true,
  "lockfileVersion": 1,
  "dependencies": {
    "jquery": {
      "version": "3.3.1",
      "resolved": "https://registry.npmjs.org/jquery/-/jquery-3.3.1.tgz",
      "integrity": "sha512-Ubldcmxp5np52/ENotGxlLe6aGMvmF4R8S6tZjsP6Knsaxd/xp3Zrh50cG93lR6nPXyUFwzN3ZSOQI0wRJNdGg=="
    },
    "jquery-colorbox": {
      "version": "1.6.4",
      "resolved": "https://registry.npmjs.org/jquery-colorbox/-/jquery-colorbox-1.6.4.tgz",
      "integrity": "sha1-eZRSUjpsSUg5Ik73AugH3rnAbMU=",
      "requires": {
        "jquery": "3.3.1"
      }
    }
  }
}
